PODS:
  - LFLiveKit (2.6)
  - SnapKit (4.0.0)
  - SQLite.swift (0.11.4):
    - SQLite.swift/standard (= 0.11.4)
  - SQLite.swift/standard (0.11.4)

DEPENDENCIES:
  - LFLiveKit (~> 2.6)
  - SnapKit (~> 4.0.0)
  - SQLite.swift (~> 0.11.4)

SPEC CHECKSUMS:
  LFLiveKit: 2219563721f8aa0f188effc3395a06e2d53b23f2
  SnapKit: a42d492c16e80209130a3379f73596c3454b7694
  SQLite.swift: 3e3bee21da701b5b9f87c4a672cb54f233505692

PODFILE CHECKSUM: 49979cb7b658a228fa884fd3cde2789c1239a674

COCOAPODS: 1.2.0.beta.1
